{
    "_meta": {
        "hash": {
            "sha256": "3564f0ffc08b3d9d067e41b79f6db6f4aef942b3bd17b8812c44c5c066a44610"
        },
        "host-environment-markers": {
            "implementation_name": "cpython",
            "implementation_version": "0",
            "os_name": "posix",
            "platform_machine": "x86_64",
            "platform_python_implementation": "CPython",
            "platform_release": "4.4.0-1031-aws",
            "platform_system": "Linux",
            "platform_version": "#40-Ubuntu SMP Thu Aug 10 11:29:58 UTC 2017",
            "python_full_version": "2.7.12",
            "python_version": "2.7",
            "sys_platform": "linux2"
        },
        "pipfile-spec": 6,
        "requires": {},
        "sources": [
            {
                "name": "pypi",
                "url": "https://pypi.python.org/simple",
                "verify_ssl": true
            }
        ]
    },
    "default": {
        "ef42864": {
            "file": "https://github.com/pallets/flask/archive/master.tar.gz"
        }
    },
    "develop": {}
}
